
Microsoft Visual Studio Solution File, Format Version 12.00
# Visual Studio Version 16
VisualStudioVersion = 16.0.31005.135
MinimumVisualStudioVersion = 10.0.40219.1
Project("{FAE04EC0-301F-11D3-BF4B-00C04F79EFBC}") = "Sales", "Sales\Sales.csproj", "{9E282C4D-62E5-4FED-91F3-0910FC5AFFF3}"
EndProject
Global
	GlobalSection(SolutionConfigurationPlatforms) = preSolution
		Debug|Any CPU = Debug|Any CPU
		Release|Any CPU = Release|Any CPU
	EndGlobalSection
	GlobalSection(ProjectConfigurationPlatforms) = postSolution
		{9E282C4D-62E5-4FED-91F3-0910FC5AFFF3}.Debug|Any CPU.ActiveCfg = Debug|Any CPU
		{9E282C4D-62E5-4FED-91F3-0910FC5AFFF3}.Debug|Any CPU.Build.0 = Debug|Any CPU
		{9E282C4D-62E5-4FED-91F3-0910FC5AFFF3}.Release|Any CPU.ActiveCfg = Release|Any CPU
		{9E282C4D-62E5-4FED-91F3-0910FC5AFFF3}.Release|Any CPU.Build.0 = Release|Any CPU
	EndGlobalSection
	GlobalSection(SolutionProperties) = preSolution
		HideSolutionNode = FALSE
	EndGlobalSection
	GlobalSection(ExtensibilityGlobals) = postSolution
		SolutionGuid = {E55609D0-88D2-4CAB-8244-FE1071EBC217}
	EndGlobalSection
EndGlobal
